# This lock file was generated by conda-lock (https://github.com/conda/conda-lock). DO NOT EDIT!
#
# A "lock file" contains a concrete list of package versions (with checksums) to be installed. Unlike
# e.g. `conda env create`, the resulting environment will not change as new package versions become
# available, unless you explicitly update the lock file.
#
# Install this environment as "YOURENV" with:
#     conda-lock install -n YOURENV conda-lock.yml
# To update a single package to the latest version compatible with the version constraints in the source:
#     conda-lock lock  --lockfile conda-lock.yml --update PACKAGE
# To re-solve the entire environment, e.g. after changing a version constraint in the source file:
#     conda-lock -f environment.yml --lockfile conda-lock.yml
version: 1
metadata:
  content_hash:
    linux-64: b679204a370793d466082e3bd6c7a65f18cc7562bcb3568018b03e8b4ef1f4c2
  channels:
  - url: conda-forge
    used_env_vars: []
  platforms:
  - linux-64
  sources:
  - environment.yml
package:
- name: _libgcc_mutex
  version: '0.1'
  manager: conda
  platform: linux-64
  dependencies: {}
  url: https://conda.anaconda.org/conda-forge/linux-64/_libgcc_mutex-0.1-conda_forge.tar.bz2
  hash:
    md5: d7c89558ba9fa0495403155b64376d81
    sha256: fe51de6107f9edc7aa4f786a70f4a883943bc9d39b3bb7307c04c41410990726
  category: main
  optional: false
- name: _openmp_mutex
  version: '4.5'
  manager: conda
  platform: linux-64
  dependencies:
    _libgcc_mutex: '0.1'
    libgomp: '>=7.5.0'
  url: https://conda.anaconda.org/conda-forge/linux-64/_openmp_mutex-4.5-2_gnu.tar.bz2
  hash:
    md5: 73aaf86a425cc6e73fcf236a5a46396d
    sha256: fbe2c5e56a653bebb982eda4876a9178aedfc2b545f25d0ce9c4c0b508253d22
  category: main
  optional: false
- name: annotated-types
  version: 0.7.0
  manager: conda
  platform: linux-64
  dependencies:
    python: '>=3.9'
    typing-extensions: '>=4.0.0'
  url: https://conda.anaconda.org/conda-forge/noarch/annotated-types-0.7.0-pyhd8ed1ab_1.conda
  hash:
    md5: 2934f256a8acfe48f6ebb4fce6cde29c
    sha256: e0ea1ba78fbb64f17062601edda82097fcf815012cf52bb704150a2668110d48
  category: main
  optional: false
- name: appdirs
  version: 1.4.4
  manager: conda
  platform: linux-64
  dependencies:
    python: '>=3.9'
  url: https://conda.anaconda.org/conda-forge/noarch/appdirs-1.4.4-pyhd8ed1ab_1.conda
  hash:
    md5: f4e90937bbfc3a4a92539545a37bb448
    sha256: 5b9ef6d338525b332e17c3ed089ca2f53a5d74b7a7b432747d29c6466e39346d
  category: main
  optional: false
- name: backports
  version: '1.0'
  manager: conda
  platform: linux-64
  dependencies:
    python: '>=3.9'
  url: https://conda.anaconda.org/conda-forge/noarch/backports-1.0-pyhd8ed1ab_5.conda
  hash:
    md5: 767d508c1a67e02ae8f50e44cacfadb2
    sha256: e1c3dc8b5aa6e12145423fed262b4754d70fec601339896b9ccf483178f690a6
  category: main
  optional: false
- name: backports.tarfile
  version: 1.2.0
  manager: conda
  platform: linux-64
  dependencies:
    backports: ''
    python: '>=3.9'
  url: https://conda.anaconda.org/conda-forge/noarch/backports.tarfile-1.2.0-pyhd8ed1ab_1.conda
  hash:
    md5: df837d654933488220b454c6a3b0fad6
    sha256: a0f41db6d7580cec3c850e5d1b82cb03197dd49a3179b1cee59c62cd2c761b36
  category: main
  optional: false
- name: brotli-python
  version: 1.1.0
  manager: conda
  platform: linux-64
  dependencies:
    __glibc: '>=2.17,<3.0.a0'
    libgcc: '>=13'
    libstdcxx: '>=13'
    python: '>=3.12,<3.13.0a0'
    python_abi: 3.12.*
  url: https://conda.anaconda.org/conda-forge/linux-64/brotli-python-1.1.0-py312h2ec8cdc_2.conda
  hash:
    md5: b0b867af6fc74b2a0aa206da29c0f3cf
    sha256: f2a59ccd20b4816dea9a2a5cb917eb69728271dbf1aeab4e1b7e609330a50b6f
  category: main
  optional: false
- name: bzip2
  version: 1.0.8
  manager: conda
  platform: linux-64
  dependencies:
    __glibc: '>=2.17,<3.0.a0'
    libgcc-ng: '>=12'
  url: https://conda.anaconda.org/conda-forge/linux-64/bzip2-1.0.8-h4bc722e_7.conda
  hash:
    md5: 62ee74e96c5ebb0af99386de58cf9553
    sha256: 5ced96500d945fb286c9c838e54fa759aa04a7129c59800f0846b4335cee770d
  category: main
  optional: false
- name: ca-certificates
  version: 2024.12.14
  manager: conda
  platform: linux-64
  dependencies: {}
  url: https://conda.anaconda.org/conda-forge/linux-64/ca-certificates-2024.12.14-hbcca054_0.conda
  hash:
    md5: 720523eb0d6a9b0f6120c16b2aa4e7de
    sha256: 1afd7274cbc9a334d6d0bc62fa760acc7afdaceb0b91a8df370ec01fd75dc7dd
  category: main
  optional: false
- name: cachecontrol
  version: 0.14.2
  manager: conda
  platform: linux-64
  dependencies:
    msgpack-python: '>=0.5.2,<2.0.0'
    python: '>=3.9'
    requests: '>=2.16.0'
  url: https://conda.anaconda.org/conda-forge/noarch/cachecontrol-0.14.2-pyha770c72_0.conda
  hash:
    md5: df6a1180171318e6a58c206c38ff66fd
    sha256: 5684d23509525b65dd019a70bbb73c987a5d64177c0ce3def3dfdb175687ea27
  category: main
  optional: false
- name: cachecontrol-with-filecache
  version: 0.14.2
  manager: conda
  platform: linux-64
  dependencies:
    cachecontrol: 0.14.2
    filelock: '>=3.8.0'
    python: '>=3.9'
  url: https://conda.anaconda.org/conda-forge/noarch/cachecontrol-with-filecache-0.14.2-pyhd8ed1ab_0.conda
  hash:
    md5: 193d7362ba6d1b551ffe7b1da103f47f
    sha256: cee46674041043c046232c6334b25487caa5c3d57c8b78adec0265afade4bda3
  category: main
  optional: false
- name: cachy
  version: 0.3.0
  manager: conda
  platform: linux-64
  dependencies:
    python: '>=3.9'
  url: https://conda.anaconda.org/conda-forge/noarch/cachy-0.3.0-pyhd8ed1ab_2.conda
  hash:
    md5: 1efe226b868cf59b8330356c37c8186e
    sha256: 2560a98e3dc0ff4ff408a199d05922ae10fab2629417c4c4309e4226267cef8c
  category: main
  optional: false
- name: certifi
  version: 2024.12.14
  manager: conda
  platform: linux-64
  dependencies:
    python: '>=3.9'
  url: https://conda.anaconda.org/conda-forge/noarch/certifi-2024.12.14-pyhd8ed1ab_0.conda
  hash:
    md5: 6feb87357ecd66733be3279f16a8c400
    sha256: 048c16a9cbcb1fbad02083414d3bc7c1d0eea4b39aee6aa6bf8d1d5089ca8bad
  category: main
  optional: false
- name: cffi
  version: 1.17.1
  manager: conda
  platform: linux-64
  dependencies:
    __glibc: '>=2.17,<3.0.a0'
    libffi: '>=3.4,<4.0a0'
    libgcc: '>=13'
    pycparser: ''
    python: '>=3.12,<3.13.0a0'
    python_abi: 3.12.*
  url: https://conda.anaconda.org/conda-forge/linux-64/cffi-1.17.1-py312h06ac9bb_0.conda
  hash:
    md5: a861504bbea4161a9170b85d4d2be840
    sha256: cba6ea83c4b0b4f5b5dc59cb19830519b28f95d7ebef7c9c5cf1c14843621457
  category: main
  optional: false
- name: charset-normalizer
  version: 3.4.1
  manager: conda
  platform: linux-64
  dependencies:
    python: '>=3.9'
  url: https://conda.anaconda.org/conda-forge/noarch/charset-normalizer-3.4.1-pyhd8ed1ab_0.conda
  hash:
    md5: e83a31202d1c0a000fce3e9cf3825875
    sha256: 4e0ee91b97e5de3e74567bdacea27f0139709fceca4db8adffbe24deffccb09b
  category: main
  optional: false
- name: click
  version: 8.1.8
  manager: conda
  platform: linux-64
  dependencies:
    __unix: ''
    python: '>=3.9'
  url: https://conda.anaconda.org/conda-forge/noarch/click-8.1.8-pyh707e725_0.conda
  hash:
    md5: f22f4d4970e09d68a10b922cbb0408d3
    sha256: c920d23cd1fcf565031c679adb62d848af60d6fbb0edc2d50ba475cea4f0d8ab
  category: main
  optional: false
- name: click-default-group
  version: 1.2.4
  manager: conda
  platform: linux-64
  dependencies:
    click: ''
    python: '>=3.9'
  url: https://conda.anaconda.org/conda-forge/noarch/click-default-group-1.2.4-pyhd8ed1ab_1.conda
  hash:
    md5: 7cd83dd6831b61ad9624a694e4afd7dc
    sha256: cb7279eecddbd35ea78fd0e189a9a7db8b84c2c0e3b1271cf26251615f75dc4d
  category: main
  optional: false
- name: clikit
  version: 0.6.2
  manager: conda
  platform: linux-64
  dependencies:
    pastel: '>=0.2.0,<0.3.0'
    pylev: '>=1.3,<2.0'
    python: '>=3.9'
  url: https://conda.anaconda.org/conda-forge/noarch/clikit-0.6.2-pyhd8ed1ab_3.conda
  hash:
    md5: 37e178bf9356122c35005a62d850e5d9
    sha256: da000653be96a15b9aad5c59f655dbd4a60cb66fc0137e1018db9de76671bb08
  category: main
  optional: false
- name: conda-lock
  version: 2.5.7
  manager: conda
  platform: linux-64
  dependencies:
    cachecontrol-with-filecache: '>=0.12.9'
    cachy: '>=0.3.0'
    click: '>=8.0'
    click-default-group: ''
    clikit: '>=0.6.2'
    crashtest: '>=0.3.0'
    ensureconda: '>=1.3'
    gitpython: '>=3.1.30'
    html5lib: '>=1.0'
    jinja2: ''
    keyring: '>=21.2.0'
    packaging: '>=20.4'
    pkginfo: '>=1.4'
    pydantic: '>=1.10'
    python: '>=3.9'
    pyyaml: '>=5.1'
    requests: '>=2.18'
    ruamel.yaml: ''
    setuptools: ''
    tomli: ''
    tomlkit: '>=0.7.0'
    toolz: '>=0.12.0,<1.0.0'
    typing_extensions: ''
    urllib3: '>=1.26.5,<2.0'
    virtualenv: '>=20.0.26'
  url: https://conda.anaconda.org/conda-forge/noarch/conda-lock-2.5.7-pyhd8ed1ab_1.conda
  hash:
    md5: 518d59879a7ba4f3972109e8666860b2
    sha256: 905618b595d7a067fe37a282e3b84a4ed46542c1b497c76cef7b0f33f9335cb7
  category: main
  optional: false
- name: crashtest
  version: 0.4.1
  manager: conda
  platform: linux-64
  dependencies:
    python: '>=3.9,<4.0'
  url: https://conda.anaconda.org/conda-forge/noarch/crashtest-0.4.1-pyhd8ed1ab_1.conda
  hash:
    md5: e036e2f76d9c9aebc12510ed23352b6c
    sha256: af1622b15f8c7411d9c14b8adf970cec16fec8a28b98069fdf42b1cd2259ccc9
  category: main
  optional: false
- name: cryptography
  version: 44.0.0
  manager: conda
  platform: linux-64
  dependencies:
    __glibc: '>=2.17,<3.0.a0'
    cffi: '>=1.12'
    libgcc: '>=13'
    openssl: '>=3.4.0,<4.0a0'
    python: '>=3.12,<3.13.0a0'
    python_abi: 3.12.*
  url: https://conda.anaconda.org/conda-forge/linux-64/cryptography-44.0.0-py312hda17c39_0.conda
  hash:
    md5: 50052304026b6f33fdd34563ee4b47b8
    sha256: 4241f5e195994ae86199389b22a0621aef2afeb8a468bd98f0958bb77eff90a3
  category: main
  optional: false
- name: dbus
  version: 1.13.6
  manager: conda
  platform: linux-64
  dependencies:
    expat: '>=2.4.2,<3.0a0'
    libgcc-ng: '>=9.4.0'
    libglib: '>=2.70.2,<3.0a0'
  url: https://conda.anaconda.org/conda-forge/linux-64/dbus-1.13.6-h5008d03_3.tar.bz2
  hash:
    md5: ecfff944ba3960ecb334b9a2663d708d
    sha256: 8f5f995699a2d9dbdd62c61385bfeeb57c82a681a7c8c5313c395aa0ccab68a5
  category: main
  optional: false
- name: distlib
  version: 0.3.9
  manager: conda
  platform: linux-64
  dependencies:
    python: '>=3.9'
  url: https://conda.anaconda.org/conda-forge/noarch/distlib-0.3.9-pyhd8ed1ab_1.conda
  hash:
    md5: 8d88f4a2242e6b96f9ecff9a6a05b2f1
    sha256: 0e160c21776bd881b79ce70053e59736f51036784fa43a50da10a04f0c1b9c45
  category: main
  optional: false
- name: ensureconda
  version: 1.4.4
  manager: conda
  platform: linux-64
  dependencies:
    appdirs: ''
    click: '>=5.1'
    filelock: ''
    packaging: ''
    python: '>=3.9'
    requests: '>=2'
  url: https://conda.anaconda.org/conda-forge/noarch/ensureconda-1.4.4-pyhd8ed1ab_1.conda
  hash:
    md5: a18423d4b24e6480165a38f102ca8b49
    sha256: 4efc864d9245a30f15bbc6eb12d06a5cf7a11d91d3e2c84630df1ce83f8b9878
  category: main
  optional: false
- name: expat
  version: 2.6.4
  manager: conda
  platform: linux-64
  dependencies:
    __glibc: '>=2.17,<3.0.a0'
    libexpat: 2.6.4
    libgcc: '>=13'
  url: https://conda.anaconda.org/conda-forge/linux-64/expat-2.6.4-h5888daf_0.conda
  hash:
    md5: 1d6afef758879ef5ee78127eb4cd2c4a
    sha256: 1848c7db9e264e3b8036ee133d570dd880422983cd20dd9585a505289606d276
  category: main
  optional: false
- name: filelock
  version: 3.16.1
  manager: conda
  platform: linux-64
  dependencies:
    python: '>=3.9'
  url: https://conda.anaconda.org/conda-forge/noarch/filelock-3.16.1-pyhd8ed1ab_1.conda
  hash:
    md5: d692e9ba6f92dc51484bf3477e36ce7c
    sha256: 18dca6e2194732df7ebf824abaefe999e4765ebe8e8a061269406ab88fc418b9
  category: main
  optional: false
- name: gitdb
  version: 4.0.12
  manager: conda
  platform: linux-64
  dependencies:
    python: '>=3.9'
    smmap: '>=3.0.1,<6'
  url: https://conda.anaconda.org/conda-forge/noarch/gitdb-4.0.12-pyhd8ed1ab_0.conda
  hash:
    md5: 7c14f3706e099f8fcd47af2d494616cc
    sha256: dbbec21a369872c8ebe23cb9a3b9d63638479ee30face165aa0fccc96e93eec3
  category: main
  optional: false
- name: gitpython
  version: 3.1.44
  manager: conda
  platform: linux-64
  dependencies:
    gitdb: '>=4.0.1,<5'
    python: '>=3.9'
    typing_extensions: '>=3.7.4.3'
  url: https://conda.anaconda.org/conda-forge/noarch/gitpython-3.1.44-pyhff2d567_0.conda
  hash:
    md5: 140a4e944f7488467872e562a2a52789
    sha256: b996e717ca693e4e831d3d3143aca3abb47536561306195002b226fe4dde53c3
  category: main
  optional: false
- name: html5lib
  version: '1.1'
  manager: conda
  platform: linux-64
  dependencies:
    python: '>=3.9'
    six: '>=1.9'
    webencodings: ''
  url: https://conda.anaconda.org/conda-forge/noarch/html5lib-1.1-pyhd8ed1ab_2.conda
  hash:
    md5: cf25bfddbd3bc275f3d3f9936cee1dd3
    sha256: 8027e436ad59e2a7392f6036392ef9d6c223798d8a1f4f12d5926362def02367
  category: main
  optional: false
- name: idna
  version: '3.10'
  manager: conda
  platform: linux-64
  dependencies:
    python: '>=3.9'
  url: https://conda.anaconda.org/conda-forge/noarch/idna-3.10-pyhd8ed1ab_1.conda
  hash:
    md5: 39a4f67be3286c86d696df570b1201b7
    sha256: d7a472c9fd479e2e8dcb83fb8d433fce971ea369d704ece380e876f9c3494e87
  category: main
  optional: false
- name: importlib-metadata
  version: 8.5.0
  manager: conda
  platform: linux-64
  dependencies:
    python: '>=3.9'
    zipp: '>=0.5'
  url: https://conda.anaconda.org/conda-forge/noarch/importlib-metadata-8.5.0-pyha770c72_1.conda
  hash:
    md5: 315607a3030ad5d5227e76e0733798ff
    sha256: 13766b88fc5b23581530d3a0287c0c58ad82f60401afefab283bf158d2be55a9
  category: main
  optional: false
- name: importlib_resources
  version: 6.5.2
  manager: conda
  platform: linux-64
  dependencies:
    python: '>=3.9'
    zipp: '>=3.1.0'
  url: https://conda.anaconda.org/conda-forge/noarch/importlib_resources-6.5.2-pyhd8ed1ab_0.conda
  hash:
    md5: c85c76dc67d75619a92f51dfbce06992
    sha256: acc1d991837c0afb67c75b77fdc72b4bf022aac71fedd8b9ea45918ac9b08a80
  category: main
  optional: false
- name: jaraco.classes
  version: 3.4.0
  manager: conda
  platform: linux-64
  dependencies:
    more-itertools: ''
    python: '>=3.9'
  url: https://conda.anaconda.org/conda-forge/noarch/jaraco.classes-3.4.0-pyhd8ed1ab_2.conda
  hash:
    md5: ade6b25a6136661dadd1a43e4350b10b
    sha256: 3d16a0fa55a29fe723c918a979b2ee927eb0bf9616381cdfd26fa9ea2b649546
  category: main
  optional: false
- name: jaraco.context
  version: 6.0.1
  manager: conda
  platform: linux-64
  dependencies:
    backports.tarfile: ''
    python: '>=3.9'
  url: https://conda.anaconda.org/conda-forge/noarch/jaraco.context-6.0.1-pyhd8ed1ab_0.conda
  hash:
    md5: bcc023a32ea1c44a790bbf1eae473486
    sha256: bfaba92cd33a0ae2488ab64a1d4e062bcf52b26a71f88292c62386ccac4789d7
  category: main
  optional: false
- name: jaraco.functools
  version: 4.1.0
  manager: conda
  platform: linux-64
  dependencies:
    more-itertools: ''
    python: '>=3.9'
  url: https://conda.anaconda.org/conda-forge/noarch/jaraco.functools-4.1.0-pyhd8ed1ab_0.conda
  hash:
    md5: eb257d223050a5a27f5fdf5c9debc8ec
    sha256: 61da3e37149da5c8479c21571eaec61cc4a41678ee872dcb2ff399c30878dddb
  category: main
  optional: false
- name: jeepney
  version: 0.8.0
  manager: conda
  platform: linux-64
  dependencies:
    python: '>=3.7'
  url: https://conda.anaconda.org/conda-forge/noarch/jeepney-0.8.0-pyhd8ed1ab_0.tar.bz2
  hash:
    md5: 9800ad1699b42612478755a2d26c722d
    sha256: 16639759b811866d63315fe1391f6fb45f5478b823972f4d3d9f0392b7dd80b8
  category: main
  optional: false
- name: jinja2
  version: 3.1.5
  manager: conda
  platform: linux-64
  dependencies:
    markupsafe: '>=2.0'
    python: '>=3.9'
  url: https://conda.anaconda.org/conda-forge/noarch/jinja2-3.1.5-pyhd8ed1ab_0.conda
  hash:
    md5: 2752a6ed44105bfb18c9bef1177d9dcd
    sha256: 98977694b9ecaa3218662f843425f39501f81973c450f995eec68f1803ed71c3
  category: main
  optional: false
- name: keyring
  version: 25.6.0
  manager: conda
  platform: linux-64
  dependencies:
    __linux: ''
    importlib-metadata: '>=4.11.4'
    importlib_resources: ''
    jaraco.classes: ''
    jaraco.context: ''
    jaraco.functools: ''
    jeepney: '>=0.4.2'
    python: '>=3.9'
    secretstorage: '>=3.2'
  url: https://conda.anaconda.org/conda-forge/noarch/keyring-25.6.0-pyha804496_0.conda
  hash:
    md5: cdd58ab99c214b55d56099108a914282
    sha256: b6f57c17cf098022c32fe64e85e9615d427a611c48a5947cdfc357490210a124
  category: main
  optional: false
- name: ld_impl_linux-64
  version: '2.43'
  manager: conda
  platform: linux-64
  dependencies:
    __glibc: '>=2.17,<3.0.a0'
  url: https://conda.anaconda.org/conda-forge/linux-64/ld_impl_linux-64-2.43-h712a8e2_2.conda
  hash:
    md5: 048b02e3962f066da18efe3a21b77672
    sha256: 7c91cea91b13f4314d125d1bedb9d03a29ebbd5080ccdea70260363424646dbe
  category: main
  optional: false
- name: libblas
  version: 3.9.0
  manager: conda
  platform: linux-64
  dependencies:
    libopenblas: '>=0.3.28,<1.0a0'
  url: https://conda.anaconda.org/conda-forge/linux-64/libblas-3.9.0-26_linux64_openblas.conda
  hash:
    md5: ac52800af2e0c0e7dac770b435ce768a
    sha256: 30bd658682b124243f8e52d8edf8a19e7be1bc31e4fe4baec30a64002dc8cd0c
  category: main
  optional: false
- name: libcblas
  version: 3.9.0
  manager: conda
  platform: linux-64
  dependencies:
    libblas: 3.9.0
  url: https://conda.anaconda.org/conda-forge/linux-64/libcblas-3.9.0-26_linux64_openblas.conda
  hash:
    md5: ebcc5f37a435aa3c19640533c82f8d76
    sha256: 9c74e536c9bc868e356ffd43f81c2cb398aec84b40fcadc312315b164a5500ee
  category: main
  optional: false
- name: libexpat
  version: 2.6.4
  manager: conda
  platform: linux-64
  dependencies:
    __glibc: '>=2.17,<3.0.a0'
    libgcc: '>=13'
  url: https://conda.anaconda.org/conda-forge/linux-64/libexpat-2.6.4-h5888daf_0.conda
  hash:
    md5: db833e03127376d461e1e13e76f09b6c
    sha256: 56541b98447b58e52d824bd59d6382d609e11de1f8adf20b23143e353d2b8d26
  category: main
  optional: false
- name: libffi
  version: 3.4.2
  manager: conda
  platform: linux-64
  dependencies:
    libgcc-ng: '>=9.4.0'
  url: https://conda.anaconda.org/conda-forge/linux-64/libffi-3.4.2-h7f98852_5.tar.bz2
  hash:
    md5: d645c6d2ac96843a2bfaccd2d62b3ac3
    sha256: ab6e9856c21709b7b517e940ae7028ae0737546122f83c2aa5d692860c3b149e
  category: main
  optional: false
- name: libgcc
  version: 14.2.0
  manager: conda
  platform: linux-64
  dependencies:
    _libgcc_mutex: '0.1'
    _openmp_mutex: '>=4.5'
  url: https://conda.anaconda.org/conda-forge/linux-64/libgcc-14.2.0-h77fa898_1.conda
  hash:
    md5: 3cb76c3f10d3bc7f1105b2fc9db984df
    sha256: 53eb8a79365e58849e7b1a068d31f4f9e718dc938d6f2c03e960345739a03569
  category: main
  optional: false
- name: libgcc-ng
  version: 14.2.0
  manager: conda
  platform: linux-64
  dependencies:
    libgcc: 14.2.0
  url: https://conda.anaconda.org/conda-forge/linux-64/libgcc-ng-14.2.0-h69a702a_1.conda
  hash:
    md5: e39480b9ca41323497b05492a63bc35b
    sha256: 3a76969c80e9af8b6e7a55090088bc41da4cffcde9e2c71b17f44d37b7cb87f7
  category: main
  optional: false
- name: libgfortran
  version: 14.2.0
  manager: conda
  platform: linux-64
  dependencies:
    libgfortran5: 14.2.0
  url: https://conda.anaconda.org/conda-forge/linux-64/libgfortran-14.2.0-h69a702a_1.conda
  hash:
    md5: f1fd30127802683586f768875127a987
    sha256: fc9e7f22a17faf74da904ebfc4d88699013d2992e55505e4aa0eb01770290977
  category: main
  optional: false
- name: libgfortran5
  version: 14.2.0
  manager: conda
  platform: linux-64
  dependencies:
    libgcc: '>=14.2.0'
  url: https://conda.anaconda.org/conda-forge/linux-64/libgfortran5-14.2.0-hd5240d6_1.conda
  hash:
    md5: 9822b874ea29af082e5d36098d25427d
    sha256: d149a37ca73611e425041f33b9d8dbed6e52ec506fe8cc1fc0ee054bddeb6d5d
  category: main
  optional: false
- name: libglib
  version: 2.82.2
  manager: conda
  platform: linux-64
  dependencies:
    __glibc: '>=2.17,<3.0.a0'
    libffi: '>=3.4,<4.0a0'
    libgcc: '>=13'
    libiconv: '>=1.17,<2.0a0'
    libzlib: '>=1.3.1,<2.0a0'
    pcre2: '>=10.44,<10.45.0a0'
  url: https://conda.anaconda.org/conda-forge/linux-64/libglib-2.82.2-h2ff4ddf_0.conda
  hash:
    md5: 13e8e54035ddd2b91875ba399f0f7c04
    sha256: 49ee9401d483a76423461c50dcd37f91d070efaec7e4dc2828d8cdd2ce694231
  category: main
  optional: false
- name: libgomp
  version: 14.2.0
  manager: conda
  platform: linux-64
  dependencies:
    _libgcc_mutex: '0.1'
  url: https://conda.anaconda.org/conda-forge/linux-64/libgomp-14.2.0-h77fa898_1.conda
  hash:
    md5: cc3573974587f12dda90d96e3e55a702
    sha256: 1911c29975ec99b6b906904040c855772ccb265a1c79d5d75c8ceec4ed89cd63
  category: main
  optional: false
- name: libiconv
  version: '1.17'
  manager: conda
  platform: linux-64
  dependencies:
    libgcc-ng: '>=12'
  url: https://conda.anaconda.org/conda-forge/linux-64/libiconv-1.17-hd590300_2.conda
  hash:
    md5: d66573916ffcf376178462f1b61c941e
    sha256: 8ac2f6a9f186e76539439e50505d98581472fedb347a20e7d1f36429849f05c9
  category: main
  optional: false
- name: liblapack
  version: 3.9.0
  manager: conda
  platform: linux-64
  dependencies:
    libblas: 3.9.0
  url: https://conda.anaconda.org/conda-forge/linux-64/liblapack-3.9.0-26_linux64_openblas.conda
  hash:
    md5: 3792604c43695d6a273bc5faaac47d48
    sha256: b76458c36331376911e0f98fa68109e02f4d5e5ebfffa79587ac69cef748bba1
  category: main
  optional: false
- name: liblzma
  version: 5.6.3
  manager: conda
  platform: linux-64
  dependencies:
    __glibc: '>=2.17,<3.0.a0'
    libgcc: '>=13'
  url: https://conda.anaconda.org/conda-forge/linux-64/liblzma-5.6.3-hb9d3cd8_1.conda
  hash:
    md5: 2ecf2f1c7e4e21fcfe6423a51a992d84
    sha256: e6e425252f3839e2756e4af1ea2074dffd3396c161bf460629f9dfd6a65f15c6
  category: main
  optional: false
- name: libnsl
  version: 2.0.1
  manager: conda
  platform: linux-64
  dependencies:
    libgcc-ng: '>=12'
  url: https://conda.anaconda.org/conda-forge/linux-64/libnsl-2.0.1-hd590300_0.conda
  hash:
    md5: 30fd6e37fe21f86f4bd26d6ee73eeec7
    sha256: 26d77a3bb4dceeedc2a41bd688564fe71bf2d149fdcf117049970bc02ff1add6
  category: main
  optional: false
- name: libopenblas
  version: 0.3.28
  manager: conda
  platform: linux-64
  dependencies:
    __glibc: '>=2.17,<3.0.a0'
    libgcc: '>=14'
    libgfortran: ''
    libgfortran5: '>=14.2.0'
  url: https://conda.anaconda.org/conda-forge/linux-64/libopenblas-0.3.28-pthreads_h94d23a6_1.conda
  hash:
    md5: 62857b389e42b36b686331bec0922050
    sha256: 99ba271d8a80a1af2723f2e124ffd91d850074c0389c067e6d96d72a2dbfeabe
  category: main
  optional: false
- name: libsqlite
  version: 3.47.2
  manager: conda
  platform: linux-64
  dependencies:
    __glibc: '>=2.17,<3.0.a0'
    libgcc: '>=13'
    libzlib: '>=1.3.1,<2.0a0'
  url: https://conda.anaconda.org/conda-forge/linux-64/libsqlite-3.47.2-hee588c1_0.conda
  hash:
    md5: b58da17db24b6e08bcbf8fed2fb8c915
    sha256: 48af21ebc2cbf358976f1e0f4a0ab9e91dfc83d0ef337cf3837c6f5bc22fb352
  category: main
  optional: false
- name: libstdcxx
  version: 14.2.0
  manager: conda
  platform: linux-64
  dependencies:
    libgcc: 14.2.0
  url: https://conda.anaconda.org/conda-forge/linux-64/libstdcxx-14.2.0-hc0a3c3a_1.conda
  hash:
    md5: 234a5554c53625688d51062645337328
    sha256: 4661af0eb9bdcbb5fb33e5d0023b001ad4be828fccdcc56500059d56f9869462
  category: main
  optional: false
- name: libuuid
  version: 2.38.1
  manager: conda
  platform: linux-64
  dependencies:
    libgcc-ng: '>=12'
  url: https://conda.anaconda.org/conda-forge/linux-64/libuuid-2.38.1-h0b41bf4_0.conda
  hash:
    md5: 40b61aab5c7ba9ff276c41cfffe6b80b
    sha256: 787eb542f055a2b3de553614b25f09eefb0a0931b0c87dbcce6efdfd92f04f18
  category: main
  optional: false
- name: libxcrypt
  version: 4.4.36
  manager: conda
  platform: linux-64
  dependencies:
    libgcc-ng: '>=12'
  url: https://conda.anaconda.org/conda-forge/linux-64/libxcrypt-4.4.36-hd590300_1.conda
  hash:
    md5: 5aa797f8787fe7a17d1b0821485b5adc
    sha256: 6ae68e0b86423ef188196fff6207ed0c8195dd84273cb5623b85aa08033a410c
  category: main
  optional: false
- name: libzlib
  version: 1.3.1
  manager: conda
  platform: linux-64
  dependencies:
    __glibc: '>=2.17,<3.0.a0'
    libgcc: '>=13'
  url: https://conda.anaconda.org/conda-forge/linux-64/libzlib-1.3.1-hb9d3cd8_2.conda
  hash:
    md5: edb0dca6bc32e4f4789199455a1dbeb8
    sha256: d4bfe88d7cb447768e31650f06257995601f89076080e76df55e3112d4e47dc4
  category: main
  optional: false
- name: markupsafe
  version: 3.0.2
  manager: conda
  platform: linux-64
  dependencies:
    __glibc: '>=2.17,<3.0.a0'
    libgcc: '>=13'
    python: '>=3.12,<3.13.0a0'
    python_abi: 3.12.*
  url: https://conda.anaconda.org/conda-forge/linux-64/markupsafe-3.0.2-py312h178313f_1.conda
  hash:
    md5: eb227c3e0bf58f5bd69c0532b157975b
    sha256: 4a6bf68d2a2b669fecc9a4a009abd1cf8e72c2289522ff00d81b5a6e51ae78f5
  category: main
  optional: false
- name: more-itertools
  version: 10.5.0
  manager: conda
  platform: linux-64
  dependencies:
    python: '>=3.9'
  url: https://conda.anaconda.org/conda-forge/noarch/more-itertools-10.5.0-pyhd8ed1ab_1.conda
  hash:
    md5: 206f67a1eccc290e5679bb793c3eb17e
    sha256: ccb385f3a25efb47e9ea9870b0fa67b05c3b40c4c695e5f3946ab12e79e3096d
  category: main
  optional: false
- name: msgpack-python
  version: 1.1.0
  manager: conda
  platform: linux-64
  dependencies:
    __glibc: '>=2.17,<3.0.a0'
    libgcc: '>=13'
    libstdcxx: '>=13'
    python: '>=3.12,<3.13.0a0'
    python_abi: 3.12.*
  url: https://conda.anaconda.org/conda-forge/linux-64/msgpack-python-1.1.0-py312h68727a3_0.conda
  hash:
    md5: 5c9b020a3f86799cdc6115e55df06146
    sha256: 4bc53333774dea1330643b7e23aa34fd6880275737fc2e07491795872d3af8dd
  category: main
  optional: false
- name: ncurses
  version: '6.5'
  manager: conda
  platform: linux-64
  dependencies:
    __glibc: '>=2.17,<3.0.a0'
    libgcc: '>=13'
  url: https://conda.anaconda.org/conda-forge/linux-64/ncurses-6.5-h2d0b736_2.conda
  hash:
    md5: 04b34b9a40cdc48cfdab261ab176ff74
    sha256: 17fe6afd8a00446010220d52256bd222b1e4fcb93bd587e7784b03219f3dc358
  category: main
  optional: false
- name: numpy
  version: 2.2.1
  manager: conda
  platform: linux-64
  dependencies:
    __glibc: '>=2.17,<3.0.a0'
    libblas: '>=3.9.0,<4.0a0'
    libcblas: '>=3.9.0,<4.0a0'
    libgcc: '>=13'
    liblapack: '>=3.9.0,<4.0a0'
    libstdcxx: '>=13'
    python: '>=3.12,<3.13.0a0'
    python_abi: 3.12.*
  url: https://conda.anaconda.org/conda-forge/linux-64/numpy-2.2.1-py312h7e784f5_0.conda
  hash:
    md5: 6159cab400b61f38579a7692be5e630a
    sha256: d8ccc46c3d2149a1479b660f5c04acad45766ed04ef961ef022d71122ec2bb91
  category: main
  optional: false
- name: openssl
  version: 3.4.0
  manager: conda
  platform: linux-64
  dependencies:
    __glibc: '>=2.17,<3.0.a0'
    ca-certificates: ''
    libgcc: '>=13'
  url: https://conda.anaconda.org/conda-forge/linux-64/openssl-3.4.0-h7b32b05_1.conda
  hash:
    md5: 4ce6875f75469b2757a65e10a5d05e31
    sha256: f62f6bca4a33ca5109b6d571b052a394d836956d21b25b7ffd03376abf7a481f
  category: main
  optional: false
- name: packaging
  version: '24.2'
  manager: conda
  platform: linux-64
  dependencies:
    python: '>=3.8'
  url: https://conda.anaconda.org/conda-forge/noarch/packaging-24.2-pyhd8ed1ab_2.conda
  hash:
    md5: 3bfed7e6228ebf2f7b9eaa47f1b4e2aa
    sha256: da157b19bcd398b9804c5c52fc000fcb8ab0525bdb9c70f95beaa0bb42f85af1
  category: main
  optional: false
- name: pandas
  version: 2.2.3
  manager: conda
  platform: linux-64
  dependencies:
    __glibc: '>=2.17,<3.0.a0'
    libgcc: '>=13'
    libstdcxx: '>=13'
    numpy: '>=1.22.4'
    python: '>=3.12,<3.13.0a0'
    python-dateutil: '>=2.8.1'
    python-tzdata: '>=2022a'
    python_abi: 3.12.*
    pytz: '>=2020.1,<2024.2'
  url: https://conda.anaconda.org/conda-forge/linux-64/pandas-2.2.3-py312hf9745cd_1.conda
  hash:
    md5: 8bce4f6caaf8c5448c7ac86d87e26b4b
    sha256: ad275a83bfebfa8a8fee9b0569aaf6f513ada6a246b2f5d5b85903d8ca61887e
  category: main
  optional: false
- name: pastel
  version: 0.2.1
  manager: conda
  platform: linux-64
  dependencies:
    python: '>=2.7'
  url: https://conda.anaconda.org/conda-forge/noarch/pastel-0.2.1-pyhd8ed1ab_0.tar.bz2
  hash:
    md5: a4eea5bff523f26442405bc5d1f52adb
    sha256: 9153f0f38c76a09da7688a61fdbf8f3d7504e2326bef53e4ec20d994311b15bd
  category: main
  optional: false
- name: pcre2
  version: '10.44'
  manager: conda
  platform: linux-64
  dependencies:
    __glibc: '>=2.17,<3.0.a0'
    bzip2: '>=1.0.8,<2.0a0'
    libgcc-ng: '>=12'
    libzlib: '>=1.3.1,<2.0a0'
  url: https://conda.anaconda.org/conda-forge/linux-64/pcre2-10.44-hba22ea6_2.conda
  hash:
    md5: df359c09c41cd186fffb93a2d87aa6f5
    sha256: 1087716b399dab91cc9511d6499036ccdc53eb29a288bebcb19cf465c51d7c0d
  category: main
  optional: false
- name: pip
  version: 24.3.1
  manager: conda
  platform: linux-64
  dependencies:
    python: '>=3.9,<3.13.0a0'
    setuptools: ''
    wheel: ''
  url: https://conda.anaconda.org/conda-forge/noarch/pip-24.3.1-pyh8b19718_2.conda
  hash:
    md5: 04e691b9fadd93a8a9fad87a81d4fd8f
    sha256: da8c8888de10c1e4234ebcaa1550ac2b4b5408ac20f093fe641e4bc8c9c9f3eb
  category: main
  optional: false
- name: pkginfo
  version: 1.12.0
  manager: conda
  platform: linux-64
  dependencies:
    python: '>=3.9'
  url: https://conda.anaconda.org/conda-forge/noarch/pkginfo-1.12.0-pyhd8ed1ab_1.conda
  hash:
    md5: b52da1d59d874c97dcca251757a368b3
    sha256: 588999bbbfd7f68dbfd1836866be888a18fedd348b679b4c410ffe7634378bee
  category: main
  optional: false
- name: platformdirs
  version: 4.3.6
  manager: conda
  platform: linux-64
  dependencies:
    python: '>=3.9'
  url: https://conda.anaconda.org/conda-forge/noarch/platformdirs-4.3.6-pyhd8ed1ab_1.conda
  hash:
    md5: 577852c7e53901ddccc7e6a9959ddebe
    sha256: bb50f6499e8bc1d1a26f17716c97984671121608dc0c3ecd34858112bce59a27
  category: main
  optional: false
- name: pycparser
  version: '2.22'
  manager: conda
  platform: linux-64
  dependencies:
    python: ''
  url: https://conda.anaconda.org/conda-forge/noarch/pycparser-2.22-pyh29332c3_1.conda
  hash:
    md5: 12c566707c80111f9799308d9e265aef
    sha256: 79db7928d13fab2d892592223d7570f5061c192f27b9febd1a418427b719acc6
  category: main
  optional: false
- name: pydantic
  version: 2.10.5
  manager: conda
  platform: linux-64
  dependencies:
    annotated-types: '>=0.6.0'
    pydantic-core: 2.27.2
    python: '>=3.9'
    typing-extensions: '>=4.6.1'
    typing_extensions: '>=4.12.2'
  url: https://conda.anaconda.org/conda-forge/noarch/pydantic-2.10.5-pyh3cfb1c2_0.conda
  hash:
    md5: e8ea30925c8271c4128375810d7d3d7a
    sha256: 0f32c30ddc610cd1113335d8b4f311f20f4d72754b7c1a5d0d9493f597cf11d2
  category: main
  optional: false
- name: pydantic-core
  version: 2.27.2
  manager: conda
  platform: linux-64
  dependencies:
    __glibc: '>=2.17,<3.0.a0'
    libgcc: '>=13'
    python: '>=3.12,<3.13.0a0'
    python_abi: 3.12.*
    typing-extensions: '>=4.6.0,!=4.7.0'
  url: https://conda.anaconda.org/conda-forge/linux-64/pydantic-core-2.27.2-py312h12e396e_0.conda
  hash:
    md5: bae01b2563030c085f5158c518b84e86
    sha256: 81602a4592ad2ac1a1cb57372fd25214e63b1c477d5818b0c21cde0f1f85c001
  category: main
  optional: false
- name: pylev
  version: 1.4.0
  manager: conda
  platform: linux-64
  dependencies:
    python: '>=3.3'
  url: https://conda.anaconda.org/conda-forge/noarch/pylev-1.4.0-pyhd8ed1ab_0.tar.bz2
  hash:
    md5: edf8651c4379d9d1495ad6229622d150
    sha256: 50bd91767686bfe769e50a5a1b883e238d944a6163fea43e7c0beaac54ca674f
  category: main
  optional: false
- name: pysocks
  version: 1.7.1
  manager: conda
  platform: linux-64
  dependencies:
    __unix: ''
    python: '>=3.9'
  url: https://conda.anaconda.org/conda-forge/noarch/pysocks-1.7.1-pyha55dd90_7.conda
  hash:
    md5: 461219d1a5bd61342293efa2c0c90eac
    sha256: ba3b032fa52709ce0d9fd388f63d330a026754587a2f461117cac9ab73d8d0d8
  category: main
  optional: false
- name: python
  version: 3.12.8
  manager: conda
  platform: linux-64
  dependencies:
    __glibc: '>=2.17,<3.0.a0'
    bzip2: '>=1.0.8,<2.0a0'
    ld_impl_linux-64: '>=2.36.1'
    libexpat: '>=2.6.4,<3.0a0'
    libffi: '>=3.4,<4.0a0'
    libgcc: '>=13'
    liblzma: '>=5.6.3,<6.0a0'
    libnsl: '>=2.0.1,<2.1.0a0'
    libsqlite: '>=3.47.0,<4.0a0'
    libuuid: '>=2.38.1,<3.0a0'
    libxcrypt: '>=4.4.36'
    libzlib: '>=1.3.1,<2.0a0'
    ncurses: '>=6.5,<7.0a0'
    openssl: '>=3.4.0,<4.0a0'
    readline: '>=8.2,<9.0a0'
    tk: '>=8.6.13,<8.7.0a0'
    tzdata: ''
    pip: ''
  url: https://conda.anaconda.org/conda-forge/linux-64/python-3.12.8-h9e4cc4f_1_cpython.conda
  hash:
    md5: 7fd2fd79436d9b473812f14e86746844
    sha256: 3f0e0518c992d8ccfe62b189125721309836fe48a010dc424240583e157f9ff0
  category: main
  optional: false
- name: python-dateutil
  version: 2.9.0.post0
  manager: conda
  platform: linux-64
  dependencies:
    python: '>=3.9'
    six: '>=1.5'
  url: https://conda.anaconda.org/conda-forge/noarch/python-dateutil-2.9.0.post0-pyhff2d567_1.conda
  hash:
    md5: 5ba79d7c71f03c678c8ead841f347d6e
    sha256: a50052536f1ef8516ed11a844f9413661829aa083304dc624c5925298d078d79
  category: main
  optional: false
- name: python-tzdata
  version: '2024.2'
  manager: conda
  platform: linux-64
  dependencies:
    python: '>=3.9'
  url: https://conda.anaconda.org/conda-forge/noarch/python-tzdata-2024.2-pyhd8ed1ab_1.conda
  hash:
    md5: c0def296b2f6d2dd7b030c2a7f66bb1f
    sha256: 57c9a02ec25926fb48edca59b9ede107823e5d5c473b94a0e05cc0b9a193a642
  category: main
  optional: false
- name: python_abi
  version: '3.12'
  manager: conda
  platform: linux-64
  dependencies: {}
  url: https://conda.anaconda.org/conda-forge/linux-64/python_abi-3.12-5_cp312.conda
  hash:
    md5: 0424ae29b104430108f5218a66db7260
    sha256: d10e93d759931ffb6372b45d65ff34d95c6000c61a07e298d162a3bc2accebb0
  category: main
  optional: false
- name: pytz
  version: '2024.1'
  manager: conda
  platform: linux-64
  dependencies:
    python: '>=3.7'
  url: https://conda.anaconda.org/conda-forge/noarch/pytz-2024.1-pyhd8ed1ab_0.conda
  hash:
    md5: 3eeeeb9e4827ace8c0c1419c85d590ad
    sha256: 1a7d6b233f7e6e3bbcbad054c8fd51e690a67b129a899a056a5e45dd9f00cb41
  category: main
  optional: false
- name: pyyaml
  version: 6.0.2
  manager: conda
  platform: linux-64
  dependencies:
    __glibc: '>=2.17,<3.0.a0'
    libgcc: '>=13'
    python: '>=3.12,<3.13.0a0'
    python_abi: 3.12.*
    yaml: '>=0.2.5,<0.3.0a0'
  url: https://conda.anaconda.org/conda-forge/linux-64/pyyaml-6.0.2-py312h66e93f0_1.conda
  hash:
    md5: 549e5930e768548a89c23f595dac5a95
    sha256: a60705971e958724168f2ebbb8ed4853067f1d3f7059843df3903e3092bbcffa
  category: main
  optional: false
- name: readline
  version: '8.2'
  manager: conda
  platform: linux-64
  dependencies:
    libgcc-ng: '>=12'
    ncurses: '>=6.3,<7.0a0'
  url: https://conda.anaconda.org/conda-forge/linux-64/readline-8.2-h8228510_1.conda
  hash:
    md5: 47d31b792659ce70f470b5c82fdfb7a4
    sha256: 5435cf39d039387fbdc977b0a762357ea909a7694d9528ab40f005e9208744d7
  category: main
  optional: false
- name: requests
  version: 2.32.3
  manager: conda
  platform: linux-64
  dependencies:
    certifi: '>=2017.4.17'
    charset-normalizer: '>=2,<4'
    idna: '>=2.5,<4'
    python: '>=3.9'
    urllib3: '>=1.21.1,<3'
  url: https://conda.anaconda.org/conda-forge/noarch/requests-2.32.3-pyhd8ed1ab_1.conda
  hash:
    md5: a9b9368f3701a417eac9edbcae7cb737
    sha256: d701ca1136197aa121bbbe0e8c18db6b5c94acbd041c2b43c70e5ae104e1d8ad
  category: main
  optional: false
- name: ruamel.yaml
  version: 0.18.10
  manager: conda
  platform: linux-64
  dependencies:
    __glibc: '>=2.17,<3.0.a0'
    libgcc: '>=13'
    python: '>=3.12,<3.13.0a0'
    python_abi: 3.12.*
    ruamel.yaml.clib: '>=0.1.2'
  url: https://conda.anaconda.org/conda-forge/linux-64/ruamel.yaml-0.18.10-py312h66e93f0_0.conda
  hash:
    md5: 5260b7fb19694ee5bc4ed0ee7a2a769f
    sha256: cd8ed10671111f15245cebadc06b88d6f5fc91f1f7f92456daa568e9d9f5bc42
  category: main
  optional: false
- name: ruamel.yaml.clib
  version: 0.2.8
  manager: conda
  platform: linux-64
  dependencies:
    __glibc: '>=2.17,<3.0.a0'
    libgcc: '>=13'
    python: '>=3.12,<3.13.0a0'
    python_abi: 3.12.*
  url: https://conda.anaconda.org/conda-forge/linux-64/ruamel.yaml.clib-0.2.8-py312h66e93f0_1.conda
  hash:
    md5: 532c3e5d0280be4fea52396ec1fa7d5d
    sha256: ac987b1c186d79e4e1ce4354a84724fc68db452b2bd61de3a3e1b6fc7c26138d
  category: main
  optional: false
- name: secretstorage
  version: 3.3.3
  manager: conda
  platform: linux-64
  dependencies:
    cryptography: ''
    dbus: ''
    jeepney: '>=0.6'
    python: '>=3.12,<3.13.0a0'
    python_abi: 3.12.*
  url: https://conda.anaconda.org/conda-forge/linux-64/secretstorage-3.3.3-py312h7900ff3_3.conda
  hash:
    md5: 4840da9db2808db946a0d979603c6de4
    sha256: c6d5d0bc7fb6cbfa3b8be8f2399a3c1308b3392a4e20bd1a0f29a828fda5ab20
  category: main
  optional: false
- name: setuptools
  version: 75.8.0
  manager: conda
  platform: linux-64
  dependencies:
    python: '>=3.9'
  url: https://conda.anaconda.org/conda-forge/noarch/setuptools-75.8.0-pyhff2d567_0.conda
  hash:
    md5: 8f28e299c11afdd79e0ec1e279dcdc52
    sha256: e0778e4f276e9a81b51c56f51ec22a27b4d8fc955abc0be77ad09ca9bea06bb9
  category: main
  optional: false
- name: six
  version: 1.17.0
  manager: conda
  platform: linux-64
  dependencies:
    python: '>=3.9'
  url: https://conda.anaconda.org/conda-forge/noarch/six-1.17.0-pyhd8ed1ab_0.conda
  hash:
    md5: a451d576819089b0d672f18768be0f65
    sha256: 41db0180680cc67c3fa76544ffd48d6a5679d96f4b71d7498a759e94edc9a2db
  category: main
  optional: false
- name: smmap
  version: 5.0.0
  manager: conda
  platform: linux-64
  dependencies:
    python: '>=3.5'
  url: https://conda.anaconda.org/conda-forge/noarch/smmap-5.0.0-pyhd8ed1ab_0.tar.bz2
  hash:
    md5: 62f26a3d1387acee31322208f0cfa3e0
    sha256: 23011cb3e064525bdb8787c75126a2e78d2344a72cd6773922006d1da1f2af16
  category: main
  optional: false
- name: tk
  version: 8.6.13
  manager: conda
  platform: linux-64
  dependencies:
    libgcc-ng: '>=12'
    libzlib: '>=1.2.13,<2.0.0a0'
  url: https://conda.anaconda.org/conda-forge/linux-64/tk-8.6.13-noxft_h4845f30_101.conda
  hash:
    md5: d453b98d9c83e71da0741bb0ff4d76bc
    sha256: e0569c9caa68bf476bead1bed3d79650bb080b532c64a4af7d8ca286c08dea4e
  category: main
  optional: false
- name: tomli
  version: 2.2.1
  manager: conda
  platform: linux-64
  dependencies:
    python: '>=3.9'
  url: https://conda.anaconda.org/conda-forge/noarch/tomli-2.2.1-pyhd8ed1ab_1.conda
  hash:
    md5: ac944244f1fed2eb49bae07193ae8215
    sha256: 18636339a79656962723077df9a56c0ac7b8a864329eb8f847ee3d38495b863e
  category: main
  optional: false
- name: tomlkit
  version: 0.13.2
  manager: conda
  platform: linux-64
  dependencies:
    python: '>=3.9'
  url: https://conda.anaconda.org/conda-forge/noarch/tomlkit-0.13.2-pyha770c72_1.conda
  hash:
    md5: 1d9ab4fc875c52db83f9c9b40af4e2c8
    sha256: 986fae65f5568e95dbf858d08d77a0f9cca031345a98550f1d4b51d36d8811e2
  category: main
  optional: false
- name: toolz
  version: 0.12.1
  manager: conda
  platform: linux-64
  dependencies:
    python: '>=3.7'
  url: https://conda.anaconda.org/conda-forge/noarch/toolz-0.12.1-pyhd8ed1ab_0.conda
  hash:
    md5: 2fcb582444635e2c402e8569bb94e039
    sha256: 22b0a9790317526e08609d5dfdd828210ae89e6d444a9e954855fc29012e90c6
  category: main
  optional: false
- name: typing-extensions
  version: 4.12.2
  manager: conda
  platform: linux-64
  dependencies:
    typing_extensions: 4.12.2
  url: https://conda.anaconda.org/conda-forge/noarch/typing-extensions-4.12.2-hd8ed1ab_1.conda
  hash:
    md5: b6a408c64b78ec7b779a3e5c7a902433
    sha256: c8e9c1c467b5f960b627d7adc1c65fece8e929a3de89967e91ef0f726422fd32
  category: main
  optional: false
- name: typing_extensions
  version: 4.12.2
  manager: conda
  platform: linux-64
  dependencies:
    python: '>=3.9'
  url: https://conda.anaconda.org/conda-forge/noarch/typing_extensions-4.12.2-pyha770c72_1.conda
  hash:
    md5: d17f13df8b65464ca316cbc000a3cb64
    sha256: 337be7af5af8b2817f115b3b68870208b30c31d3439bec07bfb2d8f4823e3568
  category: main
  optional: false
- name: tzdata
  version: 2024b
  manager: conda
  platform: linux-64
  dependencies: {}
  url: https://conda.anaconda.org/conda-forge/noarch/tzdata-2024b-hc8b5060_0.conda
  hash:
    md5: 8ac3367aafb1cc0a068483c580af8015
    sha256: 4fde5c3008bf5d2db82f2b50204464314cc3c91c1d953652f7bd01d9e52aefdf
  category: main
  optional: false
- name: urllib3
  version: 1.26.19
  manager: conda
  platform: linux-64
  dependencies:
    brotli-python: '>=1.0.9'
    pysocks: '>=1.5.6,<2.0,!=1.5.7'
    python: '>=3.7'
  url: https://conda.anaconda.org/conda-forge/noarch/urllib3-1.26.19-pyhd8ed1ab_0.conda
  hash:
    md5: 6bb37c314b3cc1515dcf086ffe01c46e
    sha256: 543ebab5241418a4e0d4d9e356ef13e4361504810a067a01481660bb35eb5643
  category: main
  optional: false
- name: virtualenv
  version: 20.28.1
  manager: conda
  platform: linux-64
  dependencies:
    distlib: '>=0.3.7,<1'
    filelock: '>=3.12.2,<4'
    platformdirs: '>=3.9.1,<5'
    python: '>=3.9'
  url: https://conda.anaconda.org/conda-forge/noarch/virtualenv-20.28.1-pyhd8ed1ab_0.conda
  hash:
    md5: 680b1c287b10cefc8bda0530b217229f
    sha256: c8bde4547ddbd21ea89e483a7c65d8a5e442c0db494b0b977e389b75b9d03d62
  category: main
  optional: false
- name: webencodings
  version: 0.5.1
  manager: conda
  platform: linux-64
  dependencies:
    python: '>=3.9'
  url: https://conda.anaconda.org/conda-forge/noarch/webencodings-0.5.1-pyhd8ed1ab_3.conda
  hash:
    md5: 2841eb5bfc75ce15e9a0054b98dcd64d
    sha256: 19ff205e138bb056a46f9e3839935a2e60bd1cf01c8241a5e172a422fed4f9c6
  category: main
  optional: false
- name: wheel
  version: 0.45.1
  manager: conda
  platform: linux-64
  dependencies:
    python: '>=3.9'
  url: https://conda.anaconda.org/conda-forge/noarch/wheel-0.45.1-pyhd8ed1ab_1.conda
  hash:
    md5: 75cb7132eb58d97896e173ef12ac9986
    sha256: 1b34021e815ff89a4d902d879c3bd2040bc1bd6169b32e9427497fa05c55f1ce
  category: main
  optional: false
- name: yaml
  version: 0.2.5
  manager: conda
  platform: linux-64
  dependencies:
    libgcc-ng: '>=9.4.0'
  url: https://conda.anaconda.org/conda-forge/linux-64/yaml-0.2.5-h7f98852_2.tar.bz2
  hash:
    md5: 4cb3ad778ec2d5a7acbdf254eb1c42ae
    sha256: a4e34c710eeb26945bdbdaba82d3d74f60a78f54a874ec10d373811a5d217535
  category: main
  optional: false
- name: zipp
  version: 3.21.0
  manager: conda
  platform: linux-64
  dependencies:
    python: '>=3.9'
  url: https://conda.anaconda.org/conda-forge/noarch/zipp-3.21.0-pyhd8ed1ab_1.conda
  hash:
    md5: 0c3cc595284c5e8f0f9900a9b228a332
    sha256: 567c04f124525c97a096b65769834b7acb047db24b15a56888a322bf3966c3e1
  category: main
  optional: false
